
Microsoft Visual Studio Solution File, Format Version 12.00
# Visual Studio 2013
VisualStudioVersion = 12.0.31101.0
MinimumVisualStudioVersion = 10.0.40219.1
Project("{2150E333-8FDC-42A3-9474-1A3956D46DE8}") = "01 Lib", "01 Lib", "{642663DE-CD1C-491B-A929-E9FB240D0222}"
EndProject
Project("{2150E333-8FDC-42A3-9474-1A3956D46DE8}") = "02 Demo", "02 Demo", "{23BD8B65-E375-47A4-A485-4369155073E9}"
EndProject
Project("{2150E333-8FDC-42A3-9474-1A3956D46DE8}") = "01 Common", "01 Common", "{C73968EC-643F-498F-ABDE-2D53FE663D36}"
EndProject
Project("{2150E333-8FDC-42A3-9474-1A3956D46DE8}") = "02 Http", "02 Http", "{781C838F-339C-41C0-9C2A-4738BFF530FE}"
EndProject
Project("{2150E333-8FDC-42A3-9474-1A3956D46DE8}") = "03 Db", "03 Db", "{C7899CB5-1C77-48A9-B810-CEAA21CC5E54}"
EndProject
Project("{8BC9CEB8-8B4A-11D0-8D11-00A0C91BC942}") = "Common", "02 Lib\Common\Common.vcxproj", "{834112B0-F308-4052-B4B0-5694A3A44583}"
EndProject
Project("{8BC9CEB8-8B4A-11D0-8D11-00A0C91BC942}") = "MyAdo", "02 Lib\MyAdo\MyAdo.vcxproj", "{42A1D6AF-5DDB-4488-BC46-51B3C940BBAB}"
EndProject
Project("{8BC9CEB8-8B4A-11D0-8D11-00A0C91BC942}") = "MyAdoDemo", "03 Demo\MyAdoDemo\MyAdoDemo.vcxproj", "{B5FA9C2A-0990-4A68-986D-54CD707EE5BB}"
EndProject
Project("{8BC9CEB8-8B4A-11D0-8D11-00A0C91BC942}") = "CommonDemo", "03 Demo\CommonDemo\CommonDemo.vcxproj", "{FBBE8C20-394C-485D-B840-2B7F54744833}"
EndProject
Project("{8BC9CEB8-8B4A-11D0-8D11-00A0C91BC942}") = "LibcurlHttp", "02 Lib\LibcurlHttp\LibcurlHttp.vcxproj", "{A38C1CBF-AE7B-4511-A353-E29D3AAFB236}"
EndProject
Project("{8BC9CEB8-8B4A-11D0-8D11-00A0C91BC942}") = "LibcurlHttpDemo", "03 Demo\LibcurlHttpDemo\LibcurlHttpDemo.vcxproj", "{3961CB2C-EF7B-46FD-B2E6-7186A42FE14B}"
EndProject
Project("{8BC9CEB8-8B4A-11D0-8D11-00A0C91BC942}") = "MyAdoDemo1", "03 Demo\MyAdoDemo1\MyAdoDemo1.vcxproj", "{AB8CD457-2859-43AF-B201-69AC0833B6B1}"
EndProject
Project("{8BC9CEB8-8B4A-11D0-8D11-00A0C91BC942}") = "Json", "02 Lib\Json\Json.vcxproj", "{D53048CF-C021-4C23-B23F-A5923B1A4D9D}"
EndProject
Project("{8BC9CEB8-8B4A-11D0-8D11-00A0C91BC942}") = "TinyxmlLib", "02 Lib\TinyxmlLib\TinyxmlLib.vcxproj", "{AC3B9983-C47B-4B47-A3FF-07963FB637F4}"
EndProject
Global
	GlobalSection(SolutionConfigurationPlatforms) = preSolution
		Debug|Win32 = Debug|Win32
		Release|Win32 = Release|Win32
	EndGlobalSection
	GlobalSection(ProjectConfigurationPlatforms) = postSolution
		{834112B0-F308-4052-B4B0-5694A3A44583}.Debug|Win32.ActiveCfg = Debug|Win32
		{834112B0-F308-4052-B4B0-5694A3A44583}.Debug|Win32.Build.0 = Debug|Win32
		{834112B0-F308-4052-B4B0-5694A3A44583}.Release|Win32.ActiveCfg = Release|Win32
		{834112B0-F308-4052-B4B0-5694A3A44583}.Release|Win32.Build.0 = Release|Win32
		{42A1D6AF-5DDB-4488-BC46-51B3C940BBAB}.Debug|Win32.ActiveCfg = Debug|Win32
		{42A1D6AF-5DDB-4488-BC46-51B3C940BBAB}.Debug|Win32.Build.0 = Debug|Win32
		{42A1D6AF-5DDB-4488-BC46-51B3C940BBAB}.Release|Win32.ActiveCfg = Release|Win32
		{42A1D6AF-5DDB-4488-BC46-51B3C940BBAB}.Release|Win32.Build.0 = Release|Win32
		{B5FA9C2A-0990-4A68-986D-54CD707EE5BB}.Debug|Win32.ActiveCfg = Debug|Win32
		{B5FA9C2A-0990-4A68-986D-54CD707EE5BB}.Debug|Win32.Build.0 = Debug|Win32
		{B5FA9C2A-0990-4A68-986D-54CD707EE5BB}.Release|Win32.ActiveCfg = Release|Win32
		{B5FA9C2A-0990-4A68-986D-54CD707EE5BB}.Release|Win32.Build.0 = Release|Win32
		{FBBE8C20-394C-485D-B840-2B7F54744833}.Debug|Win32.ActiveCfg = Debug|Win32
		{FBBE8C20-394C-485D-B840-2B7F54744833}.Debug|Win32.Build.0 = Debug|Win32
		{FBBE8C20-394C-485D-B840-2B7F54744833}.Release|Win32.ActiveCfg = Release|Win32
		{FBBE8C20-394C-485D-B840-2B7F54744833}.Release|Win32.Build.0 = Release|Win32
		{A38C1CBF-AE7B-4511-A353-E29D3AAFB236}.Debug|Win32.ActiveCfg = Debug|Win32
		{A38C1CBF-AE7B-4511-A353-E29D3AAFB236}.Debug|Win32.Build.0 = Debug|Win32
		{A38C1CBF-AE7B-4511-A353-E29D3AAFB236}.Release|Win32.ActiveCfg = Release|Win32
		{A38C1CBF-AE7B-4511-A353-E29D3AAFB236}.Release|Win32.Build.0 = Release|Win32
		{3961CB2C-EF7B-46FD-B2E6-7186A42FE14B}.Debug|Win32.ActiveCfg = Debug|Win32
		{3961CB2C-EF7B-46FD-B2E6-7186A42FE14B}.Debug|Win32.Build.0 = Debug|Win32
		{3961CB2C-EF7B-46FD-B2E6-7186A42FE14B}.Release|Win32.ActiveCfg = Release|Win32
		{3961CB2C-EF7B-46FD-B2E6-7186A42FE14B}.Release|Win32.Build.0 = Release|Win32
		{AB8CD457-2859-43AF-B201-69AC0833B6B1}.Debug|Win32.ActiveCfg = Debug|Win32
		{AB8CD457-2859-43AF-B201-69AC0833B6B1}.Debug|Win32.Build.0 = Debug|Win32
		{AB8CD457-2859-43AF-B201-69AC0833B6B1}.Release|Win32.ActiveCfg = Release|Win32
		{AB8CD457-2859-43AF-B201-69AC0833B6B1}.Release|Win32.Build.0 = Release|Win32
		{D53048CF-C021-4C23-B23F-A5923B1A4D9D}.Debug|Win32.ActiveCfg = Debug|Win32
		{D53048CF-C021-4C23-B23F-A5923B1A4D9D}.Debug|Win32.Build.0 = Debug|Win32
		{D53048CF-C021-4C23-B23F-A5923B1A4D9D}.Release|Win32.ActiveCfg = Release|Win32
		{D53048CF-C021-4C23-B23F-A5923B1A4D9D}.Release|Win32.Build.0 = Release|Win32
		{AC3B9983-C47B-4B47-A3FF-07963FB637F4}.Debug|Win32.ActiveCfg = Debug|Win32
		{AC3B9983-C47B-4B47-A3FF-07963FB637F4}.Debug|Win32.Build.0 = Debug|Win32
		{AC3B9983-C47B-4B47-A3FF-07963FB637F4}.Release|Win32.ActiveCfg = Release|Win32
		{AC3B9983-C47B-4B47-A3FF-07963FB637F4}.Release|Win32.Build.0 = Release|Win32
	EndGlobalSection
	GlobalSection(SolutionProperties) = preSolution
		HideSolutionNode = FALSE
	EndGlobalSection
	GlobalSection(NestedProjects) = preSolution
		{C73968EC-643F-498F-ABDE-2D53FE663D36} = {642663DE-CD1C-491B-A929-E9FB240D0222}
		{781C838F-339C-41C0-9C2A-4738BFF530FE} = {642663DE-CD1C-491B-A929-E9FB240D0222}
		{C7899CB5-1C77-48A9-B810-CEAA21CC5E54} = {642663DE-CD1C-491B-A929-E9FB240D0222}
		{834112B0-F308-4052-B4B0-5694A3A44583} = {C73968EC-643F-498F-ABDE-2D53FE663D36}
		{42A1D6AF-5DDB-4488-BC46-51B3C940BBAB} = {C7899CB5-1C77-48A9-B810-CEAA21CC5E54}
		{B5FA9C2A-0990-4A68-986D-54CD707EE5BB} = {23BD8B65-E375-47A4-A485-4369155073E9}
		{FBBE8C20-394C-485D-B840-2B7F54744833} = {23BD8B65-E375-47A4-A485-4369155073E9}
		{A38C1CBF-AE7B-4511-A353-E29D3AAFB236} = {781C838F-339C-41C0-9C2A-4738BFF530FE}
		{3961CB2C-EF7B-46FD-B2E6-7186A42FE14B} = {23BD8B65-E375-47A4-A485-4369155073E9}
		{AB8CD457-2859-43AF-B201-69AC0833B6B1} = {23BD8B65-E375-47A4-A485-4369155073E9}
		{D53048CF-C021-4C23-B23F-A5923B1A4D9D} = {C73968EC-643F-498F-ABDE-2D53FE663D36}
		{AC3B9983-C47B-4B47-A3FF-07963FB637F4} = {C73968EC-643F-498F-ABDE-2D53FE663D36}
	EndGlobalSection
EndGlobal
